
Microsoft Visual Studio Solution File, Format Version 12.00
# Visual Studio Version 17
VisualStudioVersion = 17.7.34009.444
MinimumVisualStudioVersion = 10.0.40219.1
Project("{9A19103F-16F7-4668-BE54-9A1E7A4F7556}") = "GrainInterfaces", "GrainInterfaces\GrainInterfaces.csproj", "{A8FA3814-9992-4A32-9BE7-32C336F6DFA4}"
EndProject
Project("{9A19103F-16F7-4668-BE54-9A1E7A4F7556}") = "Grains", "Grains\Grains.csproj", "{451522D0-4A84-47A3-B0C4-6086D53D649C}"
EndProject
Project("{9A19103F-16F7-4668-BE54-9A1E7A4F7556}") = "Silo", "Silo\Silo.csproj", "{37EEC6EB-BDA2-4DDE-BB8A-F2AE39726C15}"
EndProject
Project("{9A19103F-16F7-4668-BE54-9A1E7A4F7556}") = "Client", "Client\Client.csproj", "{27AF6BD5-AECB-4FC5-9E49-B2BAB2A9749E}"
EndProject
Project("{9A19103F-16F7-4668-BE54-9A1E7A4F7556}") = "Shared", "Shared\Shared.csproj", "{E29EA947-1D91-4893-80C3-3CC407AFBB7F}"
EndProject
Project("{9A19103F-16F7-4668-BE54-9A1E7A4F7556}") = "Client.Tests", "Client.Tests\Client.Tests.csproj", "{3863BDA3-0A22-40DC-9865-CADDB8F83D01}"
EndProject
Project("{FAE04EC0-301F-11D3-BF4B-00C04F79EFBC}") = "Grains.Tests", "Grains.Tests\Grains.Tests.csproj", "{612B092C-7902-4B18-83A7-E45C26E935C9}"
EndProject
Global
	GlobalSection(SolutionConfigurationPlatforms) = preSolution
		Debug|Any CPU = Debug|Any CPU
		Release|Any CPU = Release|Any CPU
	EndGlobalSection
	GlobalSection(ProjectConfigurationPlatforms) = postSolution
		{A8FA3814-9992-4A32-9BE7-32C336F6DFA4}.Debug|Any CPU.ActiveCfg = Debug|Any CPU
		{A8FA3814-9992-4A32-9BE7-32C336F6DFA4}.Debug|Any CPU.Build.0 = Debug|Any CPU
		{A8FA3814-9992-4A32-9BE7-32C336F6DFA4}.Release|Any CPU.ActiveCfg = Release|Any CPU
		{A8FA3814-9992-4A32-9BE7-32C336F6DFA4}.Release|Any CPU.Build.0 = Release|Any CPU
		{451522D0-4A84-47A3-B0C4-6086D53D649C}.Debug|Any CPU.ActiveCfg = Debug|Any CPU
		{451522D0-4A84-47A3-B0C4-6086D53D649C}.Debug|Any CPU.Build.0 = Debug|Any CPU
		{451522D0-4A84-47A3-B0C4-6086D53D649C}.Release|Any CPU.ActiveCfg = Release|Any CPU
		{451522D0-4A84-47A3-B0C4-6086D53D649C}.Release|Any CPU.Build.0 = Release|Any CPU
		{37EEC6EB-BDA2-4DDE-BB8A-F2AE39726C15}.Debug|Any CPU.ActiveCfg = Debug|Any CPU
		{37EEC6EB-BDA2-4DDE-BB8A-F2AE39726C15}.Debug|Any CPU.Build.0 = Debug|Any CPU
		{37EEC6EB-BDA2-4DDE-BB8A-F2AE39726C15}.Release|Any CPU.ActiveCfg = Release|Any CPU
		{37EEC6EB-BDA2-4DDE-BB8A-F2AE39726C15}.Release|Any CPU.Build.0 = Release|Any CPU
		{27AF6BD5-AECB-4FC5-9E49-B2BAB2A9749E}.Debug|Any CPU.ActiveCfg = Debug|Any CPU
		{27AF6BD5-AECB-4FC5-9E49-B2BAB2A9749E}.Debug|Any CPU.Build.0 = Debug|Any CPU
		{27AF6BD5-AECB-4FC5-9E49-B2BAB2A9749E}.Release|Any CPU.ActiveCfg = Release|Any CPU
		{27AF6BD5-AECB-4FC5-9E49-B2BAB2A9749E}.Release|Any CPU.Build.0 = Release|Any CPU
		{E29EA947-1D91-4893-80C3-3CC407AFBB7F}.Debug|Any CPU.ActiveCfg = Debug|Any CPU
		{E29EA947-1D91-4893-80C3-3CC407AFBB7F}.Debug|Any CPU.Build.0 = Debug|Any CPU
		{E29EA947-1D91-4893-80C3-3CC407AFBB7F}.Release|Any CPU.ActiveCfg = Release|Any CPU
		{E29EA947-1D91-4893-80C3-3CC407AFBB7F}.Release|Any CPU.Build.0 = Release|Any CPU
		{3863BDA3-0A22-40DC-9865-CADDB8F83D01}.Debug|Any CPU.ActiveCfg = Debug|Any CPU
		{3863BDA3-0A22-40DC-9865-CADDB8F83D01}.Debug|Any CPU.Build.0 = Debug|Any CPU
		{3863BDA3-0A22-40DC-9865-CADDB8F83D01}.Release|Any CPU.ActiveCfg = Release|Any CPU
		{3863BDA3-0A22-40DC-9865-CADDB8F83D01}.Release|Any CPU.Build.0 = Release|Any CPU
		{612B092C-7902-4B18-83A7-E45C26E935C9}.Debug|Any CPU.ActiveCfg = Debug|Any CPU
		{612B092C-7902-4B18-83A7-E45C26E935C9}.Debug|Any CPU.Build.0 = Debug|Any CPU
		{612B092C-7902-4B18-83A7-E45C26E935C9}.Release|Any CPU.ActiveCfg = Release|Any CPU
		{612B092C-7902-4B18-83A7-E45C26E935C9}.Release|Any CPU.Build.0 = Release|Any CPU
	EndGlobalSection
	GlobalSection(SolutionProperties) = preSolution
		HideSolutionNode = FALSE
	EndGlobalSection
	GlobalSection(ExtensibilityGlobals) = postSolution
		SolutionGuid = {E0F40C0F-8936-4402-8CDB-A7310BA61BDD}
	EndGlobalSection
EndGlobal
